// !$*UTF8*$!
{
	archiveVersion = 1;
	classes = {
	};
	objectVersion = 56;
	objects = {

/* Begin PBXBuildFile section */
		5738766B7DA2923043338D0C /* Pods_HamamatsuCalendar.framework in Frameworks */ = {isa = PBXBuildFile; fileRef = 154E1C8C0F4C3D01A02101C9 /* Pods_HamamatsuCalendar.framework */; };
		EE1EA7452AA9EFE3007B6117 /* CalendarView.swift in Sources */ = {isa = PBXBuildFile; fileRef = EE1EA7442AA9EFE3007B6117 /* CalendarView.swift */; };
		EEAAD7972AA9EF110065B240 /* HamamatsuCalendarApp.swift in Sources */ = {isa = PBXBuildFile; fileRef = EEAAD7962AA9EF110065B240 /* HamamatsuCalendarApp.swift */; };
		EEAAD7992AA9EF110065B240 /* ContentView.swift in Sources */ = {isa = PBXBuildFile; fileRef = EEAAD7982AA9EF110065B240 /* ContentView.swift */; };
		EEAAD79B2AA9EF120065B240 /* Assets.xcassets in Resources */ = {isa = PBXBuildFile; fileRef = EEAAD79A2AA9EF120065B240 /* Assets.xcassets */; };
		EEAAD79E2AA9EF120065B240 /* Preview Assets.xcassets in Resources */ = {isa = PBXBuildFile; fileRef = EEAAD79D2AA9EF120065B240 /* Preview Assets.xcassets */; };
/* End PBXBuildFile section */

/* Begin PBXFileReference section */
		154E1C8C0F4C3D01A02101C9 /* Pods_HamamatsuCalendar.framework */ = {isa = PBXFileReference; explicitFileType = wrapper.framework; includeInIndex = 0; path = Pods_HamamatsuCalendar.framework; sourceTree = BUILT_PRODUCTS_DIR; };
		1C0270C46CA62C68E5613BA4 /* Pods-HamamatsuCalendar.release.xcconfig */ = {isa = PBXFileReference; includeInIndex = 1; lastKnownFileType = text.xcconfig; name = "Pods-HamamatsuCalendar.release.xcconfig"; path = "Target Support Files/Pods-HamamatsuCalendar/Pods-HamamatsuCalendar.release.xcconfig"; sourceTree = "<group>"; };
		3E19B6C6CB76C782323E974B /* Pods-HamamatsuCalendar.debug.xcconfig */ = {isa = PBXFileReference; includeInIndex = 1; lastKnownFileType = text.xcconfig; name = "Pods-HamamatsuCalendar.debug.xcconfig"; path = "Target Support Files/Pods-HamamatsuCalendar/Pods-HamamatsuCalendar.debug.xcconfig"; sourceTree = "<group>"; };
		EE1EA7442AA9EFE3007B6117 /* CalendarView.swift */ = {isa = PBXFileReference; lastKnownFileType = sourcecode.swift; path = CalendarView.swift; sourceTree = "<group>"; };
		EEAAD7932AA9EF110065B240 /* HamamatsuCalendar.app */ = {isa = PBXFileReference; explicitFileType = wrapper.application; includeInIndex = 0; path = HamamatsuCalendar.app; sourceTree = BUILT_PRODUCTS_DIR; };
		EEAAD7962AA9EF110065B240 /* HamamatsuCalendarApp.swift */ = {isa = PBXFileReference; lastKnownFileType = sourcecode.swift; path = HamamatsuCalendarApp.swift; sourceTree = "<group>"; };
		EEAAD7982AA9EF110065B240 /* ContentView.swift */ = {isa = PBXFileReference; lastKnownFileType = sourcecode.swift; path = ContentView.swift; sourceTree = "<group>"; };
		EEAAD79A2AA9EF120065B240 /* Assets.xcassets */ = {isa = PBXFileReference; lastKnownFileType = folder.assetcatalog; path = Assets.xcassets; sourceTree = "<group>"; };
		EEAAD79D2AA9EF120065B240 /* Preview Assets.xcassets */ = {isa = PBXFileReference; lastKnownFileType = folder.assetcatalog; path = "Preview Assets.xcassets"; sourceTree = "<group>"; };
/* End PBXFileReference section */

/* Begin PBXFrameworksBuildPhase section */
		EEAAD7902AA9EF110065B240 /* Frameworks */ = {
			isa = PBXFrameworksBuildPhase;
			buildActionMask = 2147483647;
			files = (
				5738766B7DA2923043338D0C /* Pods_HamamatsuCalendar.framework in Frameworks */,
			);
			runOnlyForDeploymentPostprocessing = 0;
		};
/* End PBXFrameworksBuildPhase section */

/* Begin PBXGroup section */
		7D2DEB7A2EF5B09F46F157A5 /* Frameworks */ = {
			isa = PBXGroup;
			children = (
				154E1C8C0F4C3D01A02101C9 /* Pods_HamamatsuCalendar.framework */,
			);
			name = Frameworks;
			sourceTree = "<group>";
		};
		E2FE3214BE026E3F8D582145 /* Pods */ = {
			isa = PBXGroup;
			children = (
				3E19B6C6CB76C782323E974B /* Pods-HamamatsuCalendar.debug.xcconfig */,
				1C0270C46CA62C68E5613BA4 /* Pods-HamamatsuCalendar.release.xcconfig */,
			);
			path = Pods;
			sourceTree = "<group>";
		};
		EEAAD78A2AA9EF110065B240 = {
			isa = PBXGroup;
			children = (
				EEAAD7952AA9EF110065B240 /* HamamatsuCalendar */,
				EEAAD7942AA9EF110065B240 /* Products */,
				E2FE3214BE026E3F8D582145 /* Pods */,
				7D2DEB7A2EF5B09F46F157A5 /* Frameworks */,
			);
			sourceTree = "<group>";
		};
		EEAAD7942AA9EF110065B240 /* Products */ = {
			isa = PBXGroup;
			children = (
				EEAAD7932AA9EF110065B240 /* HamamatsuCalendar.app */,
			);
			name = Products;
			sourceTree = "<group>";
		};
		EEAAD7952AA9EF110065B240 /* HamamatsuCalendar */ = {
			isa = PBXGroup;
			children = (
				EEAAD7962AA9EF110065B240 /* HamamatsuCalendarApp.swift */,
				EE1EA7442AA9EFE3007B6117 /* CalendarView.swift */,
				EEAAD7982AA9EF110065B240 /* ContentView.swift */,
				EEAAD79A2AA9EF120065B240 /* Assets.xcassets */,
				EEAAD79C2AA9EF120065B240 /* Preview Content */,
			);
			path = HamamatsuCalendar;
			sourceTree = "<group>";
		};
		EEAAD79C2AA9EF120065B240 /* Preview Content */ = {
			isa = PBXGroup;
			children = (
				EEAAD79D2AA9EF120065B240 /* Preview Assets.xcassets */,
			);
			path = "Preview Content";
			sourceTree = "<group>";
		};
/* End PBXGroup section */

/* Begin PBXNativeTarget section */
		EEAAD7922AA9EF110065B240 /* HamamatsuCalendar */ = {
			isa = PBXNativeTarget;
			buildConfigurationList = EEAAD7A12AA9EF120065B240 /* Build configuration list for PBXNativeTarget "HamamatsuCalendar" */;
			buildPhases = (
				B4BD8462347CB4801B7BE3A8 /* [CP] Check Pods Manifest.lock */,
				EEAAD78F2AA9EF110065B240 /* Sources */,
				EEAAD7902AA9EF110065B240 /* Frameworks */,
				EEAAD7912AA9EF110065B240 /* Resources */,
				59157EE0C89DE202D2D80082 /* [CP] Embed Pods Frameworks */,
			);
			buildRules = (
			);
			dependencies = (
			);
			name = HamamatsuCalendar;
			productName = HamamatsuCalendar;
			productReference = EEAAD7932AA9EF110065B240 /* HamamatsuCalendar.app */;
			productType = "com.apple.product-type.application";
		};
/* End PBXNativeTarget section */

/* Begin PBXProject section */
		EEAAD78B2AA9EF110065B240 /* Project object */ = {
			isa = PBXProject;
			attributes = {
				BuildIndependentTargetsInParallel = 1;
				LastSwiftUpdateCheck = 1430;
				LastUpgradeCheck = 1430;
				TargetAttributes = {
					EEAAD7922AA9EF110065B240 = {
						CreatedOnToolsVersion = 14.3.1;
					};
				};
			};
			buildConfigurationList = EEAAD78E2AA9EF110065B240 /* Build configuration list for PBXProject "HamamatsuCalendar" */;
			compatibilityVersion = "Xcode 14.0";
			developmentRegion = en;
			hasScannedForEncodings = 0;
			knownRegions = (
				en,
				Base,
			);
			mainGroup = EEAAD78A2AA9EF110065B240;
			productRefGroup = EEAAD7942AA9EF110065B240 /* Products */;
			projectDirPath = "";
			projectRoot = "";
			targets = (
				EEAAD7922AA9EF110065B240 /* HamamatsuCalendar */,
			);
		};
/* End PBXProject section */

/* Begin PBXResourcesBuildPhase section */
		EEAAD7912AA9EF110065B240 /* Resources */ = {
			isa = PBXResourcesBuildPhase;
			buildActionMask = 2147483647;
			files = (
				EEAAD79E2AA9EF120065B240 /* Preview Assets.xcassets in Resources */,
				EEAAD79B2AA9EF120065B240 /* Assets.xcassets in Resources */,
			);
			runOnlyForDeploymentPostprocessing = 0;
		};
/* End PBXResourcesBuildPhase section */

/* Begin PBXShellScriptBuildPhase section */
		59157EE0C89DE202D2D80082 /* [CP] Embed Pods Frameworks */ = {
			isa = PBXShellScriptBuildPhase;
			buildActionMask = 2147483647;
			files = (
			);
			inputFileListPaths = (
				"${PODS_ROOT}/Target Support Files/Pods-HamamatsuCalendar/Pods-HamamatsuCalendar-frameworks-${CONFIGURATION}-input-files.xcfilelist",
			);
			name = "[CP] Embed Pods Frameworks";
			outputFileListPaths = (
				"${PODS_ROOT}/Target Support Files/Pods-HamamatsuCalendar/Pods-HamamatsuCalendar-frameworks-${CONFIGURATION}-output-files.xcfilelist",
			);
			runOnlyForDeploymentPostprocessing = 0;
			shellPath = /bin/sh;
			shellScript = "\"${PODS_ROOT}/Target Support Files/Pods-HamamatsuCalendar/Pods-HamamatsuCalendar-frameworks.sh\"\n";
			showEnvVarsInLog = 0;
		};
		B4BD8462347CB4801B7BE3A8 /* [CP] Check Pods Manifest.lock */ = {
			isa = PBXShellScriptBuildPhase;
			buildActionMask = 2147483647;
			files = (
			);
			inputFileListPaths = (
			);
			inputPaths = (
				"${PODS_PODFILE_DIR_PATH}/Podfile.lock",
				"${PODS_ROOT}/Manifest.lock",
			);
			name = "[CP] Check Pods Manifest.lock";
			outputFileListPaths = (
			);
			outputPaths = (
				"$(DERIVED_FILE_DIR)/Pods-HamamatsuCalendar-checkManifestLockResult.txt",
			);
			runOnlyForDeploymentPostprocessing = 0;
			shellPath = /bin/sh;
			shellScript = "diff \"${PODS_PODFILE_DIR_PATH}/Podfile.lock\" \"${PODS_ROOT}/Manifest.lock\" > /dev/null\nif [ $? != 0 ] ; then\n    # print error to STDERR\n    echo \"error: The sandbox is not in sync with the Podfile.lock. Run 'pod install' or update your CocoaPods installation.\" >&2\n    exit 1\nfi\n# This output is used by Xcode 'outputs' to avoid re-running this script phase.\necho \"SUCCESS\" > \"${SCRIPT_OUTPUT_FILE_0}\"\n";
			showEnvVarsInLog = 0;
		};
/* End PBXShellScriptBuildPhase section */

/* Begin PBXSourcesBuildPhase section */
		EEAAD78F2AA9EF110065B240 /* Sources */ = {
			isa = PBXSourcesBuildPhase;
			buildActionMask = 2147483647;
			files = (
				EEAAD7992AA9EF110065B240 /* ContentView.swift in Sources */,
				EEAAD7972AA9EF110065B240 /* HamamatsuCalendarApp.swift in Sources */,
				EE1EA7452AA9EFE3007B6117 /* CalendarView.swift in Sources */,
			);
			runOnlyForDeploymentPostprocessing = 0;
		};
/* End PBXSourcesBuildPhase section */

/* Begin XCBuildConfiguration section */
		EEAAD79F2AA9EF120065B240 /* Debug */ = {
			isa = XCBuildConfiguration;
			buildSettings = {
				ALWAYS_SEARCH_USER_PATHS = NO;
				CLANG_ANALYZER_NONNULL = YES;
				CLANG_ANALYZER_NUMBER_OBJECT_CONVERSION = YES_AGGRESSIVE;
				CLANG_CXX_LANGUAGE_STANDARD = "gnu++20";
				CLANG_ENABLE_MODULES = YES;
				CLANG_ENABLE_OBJC_ARC = YES;
				CLANG_ENABLE_OBJC_WEAK = YES;
				CLANG_WARN_BLOCK_CAPTURE_AUTORELEASING = YES;
				CLANG_WARN_BOOL_CONVERSION = YES;
				CLANG_WARN_COMMA = YES;
				CLANG_WARN_CONSTANT_CONVERSION = YES;
				CLANG_WARN_DEPRECATED_OBJC_IMPLEMENTATIONS = YES;
				CLANG_WARN_DIRECT_OBJC_ISA_USAGE = YES_ERROR;
				CLANG_WARN_DOCUMENTATION_COMMENTS = YES;
				CLANG_WARN_EMPTY_BODY = YES;
				CLANG_WARN_ENUM_CONVERSION = YES;
				CLANG_WARN_INFINITE_RECURSION = YES;
				CLANG_WARN_INT_CONVERSION = YES;
				CLANG_WARN_NON_LITERAL_NULL_CONVERSION = YES;
				CLANG_WARN_OBJC_IMPLICIT_RETAIN_SELF = YES;
				CLANG_WARN_OBJC_LITERAL_CONVERSION = YES;
				CLANG_WARN_OBJC_ROOT_CLASS = YES_ERROR;
				CLANG_WARN_QUOTED_INCLUDE_IN_FRAMEWORK_HEADER = YES;
				CLANG_WARN_RANGE_LOOP_ANALYSIS = YES;
				CLANG_WARN_STRICT_PROTOTYPES = YES;
				CLANG_WARN_SUSPICIOUS_MOVE = YES;
				CLANG_WARN_UNGUARDED_AVAILABILITY = YES_AGGRESSIVE;
				CLANG_WARN_UNREACHABLE_CODE = YES;
				CLANG_WARN__DUPLICATE_METHOD_MATCH = YES;
				COPY_PHASE_STRIP = NO;
				DEBUG_INFORMATION_FORMAT = dwarf;
				ENABLE_STRICT_OBJC_MSGSEND = YES;
				ENABLE_TESTABILITY = YES;
				GCC_C_LANGUAGE_STANDARD = gnu11;
				GCC_DYNAMIC_NO_PIC = NO;
				GCC_NO_COMMON_BLOCKS = YES;
				GCC_OPTIMIZATION_LEVEL = 0;
				GCC_PREPROCESSOR_DEFINITIONS = (
					"DEBUG=1",
					"$(inherited)",
				);
				GCC_WARN_64_TO_32_BIT_CONVERSION = YES;
				GCC_WARN_ABOUT_RETURN_TYPE = YES_ERROR;
				GCC_WARN_UNDECLARED_SELECTOR = YES;
				GCC_WARN_UNINITIALIZED_AUTOS = YES_AGGRESSIVE;
				GCC_WARN_UNUSED_FUNCTION = YES;
				GCC_WARN_UNUSED_VARIABLE = YES;
				IPHONEOS_DEPLOYMENT_TARGET = 16.4;
				MTL_ENABLE_DEBUG_INFO = INCLUDE_SOURCE;
				MTL_FAST_MATH = YES;
				ONLY_ACTIVE_ARCH = YES;
				SDKROOT = iphoneos;
				SWIFT_ACTIVE_COMPILATION_CONDITIONS = DEBUG;
				SWIFT_OPTIMIZATION_LEVEL = "-Onone";
			};
			name = Debug;
		};
		EEAAD7A02AA9EF120065B240 /* Release */ = {
			isa = XCBuildConfiguration;
			buildSettings = {
				ALWAYS_SEARCH_USER_PATHS = NO;
				CLANG_ANALYZER_NONNULL = YES;
				CLANG_ANALYZER_NUMBER_OBJECT_CONVERSION = YES_AGGRESSIVE;
				CLANG_CXX_LANGUAGE_STANDARD = "gnu++20";
				CLANG_ENABLE_MODULES = YES;
				CLANG_ENABLE_OBJC_ARC = YES;
				CLANG_ENABLE_OBJC_WEAK = YES;
				CLANG_WARN_BLOCK_CAPTURE_AUTORELEASING = YES;
				CLANG_WARN_BOOL_CONVERSION = YES;
				CLANG_WARN_COMMA = YES;
				CLANG_WARN_CONSTANT_CONVERSION = YES;
				CLANG_WARN_DEPRECATED_OBJC_IMPLEMENTATIONS = YES;
				CLANG_WARN_DIRECT_OBJC_ISA_USAGE = YES_ERROR;
				CLANG_WARN_DOCUMENTATION_COMMENTS = YES;
				CLANG_WARN_EMPTY_BODY = YES;
				CLANG_WARN_ENUM_CONVERSION = YES;
				CLANG_WARN_INFINITE_RECURSION = YES;
				CLANG_WARN_INT_CONVERSION = YES;
				CLANG_WARN_NON_LITERAL_NULL_CONVERSION = YES;
				CLANG_WARN_OBJC_IMPLICIT_RETAIN_SELF = YES;
				CLANG_WARN_OBJC_LITERAL_CONVERSION = YES;
				CLANG_WARN_OBJC_ROOT_CLASS = YES_ERROR;
				CLANG_WARN_QUOTED_INCLUDE_IN_FRAMEWORK_HEADER = YES;
				CLANG_WARN_RANGE_LOOP_ANALYSIS = YES;
				CLANG_WARN_STRICT_PROTOTYPES = YES;
				CLANG_WARN_SUSPICIOUS_MOVE = YES;
				CLANG_WARN_UNGUARDED_AVAILABILITY = YES_AGGRESSIVE;
				CLANG_WARN_UNREACHABLE_CODE = YES;
				CLANG_WARN__DUPLICATE_METHOD_MATCH = YES;
				COPY_PHASE_STRIP = NO;
				DEBUG_INFORMATION_FORMAT = "dwarf-with-dsym";
				ENABLE_NS_ASSERTIONS = NO;
				ENABLE_STRICT_OBJC_MSGSEND = YES;
				GCC_C_LANGUAGE_STANDARD = gnu11;
				GCC_NO_COMMON_BLOCKS = YES;
				GCC_WARN_64_TO_32_BIT_CONVERSION = YES;
				GCC_WARN_ABOUT_RETURN_TYPE = YES_ERROR;
				GCC_WARN_UNDECLARED_SELECTOR = YES;
				GCC_WARN_UNINITIALIZED_AUTOS = YES_AGGRESSIVE;
				GCC_WARN_UNUSED_FUNCTION = YES;
				GCC_WARN_UNUSED_VARIABLE = YES;
				IPHONEOS_DEPLOYMENT_TARGET = 16.4;
				MTL_ENABLE_DEBUG_INFO = NO;
				MTL_FAST_MATH = YES;
				SDKROOT = iphoneos;
				SWIFT_COMPILATION_MODE = wholemodule;
				SWIFT_OPTIMIZATION_LEVEL = "-O";
				VALIDATE_PRODUCT = YES;
			};
			name = Release;
		};
		EEAAD7A22AA9EF120065B240 /* Debug */ = {
			isa = XCBuildConfiguration;
			baseConfigurationReference = 3E19B6C6CB76C782323E974B /* Pods-HamamatsuCalendar.debug.xcconfig */;
			buildSettings = {
				ASSETCATALOG_COMPILER_APPICON_NAME = AppIcon;
				ASSETCATALOG_COMPILER_GLOBAL_ACCENT_COLOR_NAME = AccentColor;
				CODE_SIGN_STYLE = Automatic;
				CURRENT_PROJECT_VERSION = 1;
				DEVELOPMENT_ASSET_PATHS = "\"HamamatsuCalendar/Preview Content\"";
				DEVELOPMENT_TEAM = 9US465DXCK;
				ENABLE_PREVIEWS = YES;
				GENERATE_INFOPLIST_FILE = YES;
				INFOPLIST_KEY_UIApplicationSceneManifest_Generation = YES;
				INFOPLIST_KEY_UIApplicationSupportsIndirectInputEvents = YES;
				INFOPLIST_KEY_UILaunchScreen_Generation = YES;
				INFOPLIST_KEY_UISupportedInterfaceOrientations_iPad = "UIInterfaceOrientationPortrait UIInterfaceOrientationPortraitUpsideDown UIInterfaceOrientationLandscapeLeft UIInterfaceOrientationLandscapeRight";
				INFOPLIST_KEY_UISupportedInterfaceOrientations_iPhone = "UIInterfaceOrientationPortrait UIInterfaceOrientationLandscapeLeft UIInterfaceOrientationLandscapeRight";
				IPHONEOS_DEPLOYMENT_TARGET = 16.0;
				LD_RUNPATH_SEARCH_PATHS = (
					"$(inherited)",
					"@executable_path/Frameworks",
				);
				MARKETING_VERSION = 1.0;
				PRODUCT_BUNDLE_IDENTIFIER = ghvf6f;
				PRODUCT_NAME = "$(TARGET_NAME)";
				SWIFT_EMIT_LOC_STRINGS = YES;
				SWIFT_VERSION = 5.0;
				TARGETED_DEVICE_FAMILY = "1,2";
			};
			name = Debug;
		};
		EEAAD7A32AA9EF120065B240 /* Release */ = {
			isa = XCBuildConfiguration;
			baseConfigurationReference = 1C0270C46CA62C68E5613BA4 /* Pods-HamamatsuCalendar.release.xcconfig */;
			buildSettings = {
				ASSETCATALOG_COMPILER_APPICON_NAME = AppIcon;
				ASSETCATALOG_COMPILER_GLOBAL_ACCENT_COLOR_NAME = AccentColor;
				CODE_SIGN_STYLE = Automatic;
				CURRENT_PROJECT_VERSION = 1;
				DEVELOPMENT_ASSET_PATHS = "\"HamamatsuCalendar/Preview Content\"";
				DEVELOPMENT_TEAM = 9US465DXCK;
				ENABLE_PREVIEWS = YES;
				GENERATE_INFOPLIST_FILE = YES;
				INFOPLIST_KEY_UIApplicationSceneManifest_Generation = YES;
				INFOPLIST_KEY_UIApplicationSupportsIndirectInputEvents = YES;
				INFOPLIST_KEY_UILaunchScreen_Generation = YES;
				INFOPLIST_KEY_UISupportedInterfaceOrientations_iPad = "UIInterfaceOrientationPortrait UIInterfaceOrientationPortraitUpsideDown UIInterfaceOrientationLandscapeLeft UIInterfaceOrientationLandscapeRight";
				INFOPLIST_KEY_UISupportedInterfaceOrientations_iPhone = "UIInterfaceOrientationPortrait UIInterfaceOrientationLandscapeLeft UIInterfaceOrientationLandscapeRight";
				IPHONEOS_DEPLOYMENT_TARGET = 16.0;
				LD_RUNPATH_SEARCH_PATHS = (
					"$(inherited)",
					"@executable_path/Frameworks",
				);
				MARKETING_VERSION = 1.0;
				PRODUCT_BUNDLE_IDENTIFIER = ghvf6f;
				PRODUCT_NAME = "$(TARGET_NAME)";
				SWIFT_EMIT_LOC_STRINGS = YES;
				SWIFT_VERSION = 5.0;
				TARGETED_DEVICE_FAMILY = "1,2";
			};
			name = Release;
		};
/* End XCBuildConfiguration section */

/* Begin XCConfigurationList section */
		EEAAD78E2AA9EF110065B240 /* Build configuration list for PBXProject "HamamatsuCalendar" */ = {
			isa = XCConfigurationList;
			buildConfigurations = (
				EEAAD79F2AA9EF120065B240 /* Debug */,
				EEAAD7A02AA9EF120065B240 /* Release */,
			);
			defaultConfigurationIsVisible = 0;
			defaultConfigurationName = Release;
		};
		EEAAD7A12AA9EF120065B240 /* Build configuration list for PBXNativeTarget "HamamatsuCalendar" */ = {
			isa = XCConfigurationList;
			buildConfigurations = (
				EEAAD7A22AA9EF120065B240 /* Debug */,
				EEAAD7A32AA9EF120065B240 /* Release */,
			);
			defaultConfigurationIsVisible = 0;
			defaultConfigurationName = Release;
		};
/* End XCConfigurationList section */
	};
	rootObject = EEAAD78B2AA9EF110065B240 /* Project object */;
}
